# This file is automatically @generated by Poetry 1.8.3 and should not be changed by hand.
# This is a placeholder lock file. Run `poetry install` to generate the real one.

[[package]]
name = "fastapi"
version = "0.115.0"

[metadata]
lock-version = "2.0"
python-versions = "^3.11"
content-hash = "placeholder"